// !$*UTF8*$!
{
	archiveVersion = 1;
	classes = {
	};
	objectVersion = 50;
	objects = {

/* Begin PBXBuildFile section */
		924123F426231195007C825A /* AppDelegate.swift in Sources */ = {isa = PBXBuildFile; fileRef = 924123F326231195007C825A /* AppDelegate.swift */; };
		924123FB26231195007C825A /* Main.storyboard in Resources */ = {isa = PBXBuildFile; fileRef = 924123F926231195007C825A /* Main.storyboard */; };
		924123FD26231196007C825A /* Assets.xcassets in Resources */ = {isa = PBXBuildFile; fileRef = 924123FC26231196007C825A /* Assets.xcassets */; };
		9241240026231196007C825A /* LaunchScreen.storyboard in Resources */ = {isa = PBXBuildFile; fileRef = 924123FE26231196007C825A /* LaunchScreen.storyboard */; };
		92412408262311D5007C825A /* FrstViewController.swift in Sources */ = {isa = PBXBuildFile; fileRef = 92412407262311D5007C825A /* FrstViewController.swift */; };
		9241240A26231395007C825A /* ScndViewController.swift in Sources */ = {isa = PBXBuildFile; fileRef = 9241240926231395007C825A /* ScndViewController.swift */; };
/* End PBXBuildFile section */

/* Begin PBXFileReference section */
		924123F026231195007C825A /* VcLifeCycleUsingNavigationBar.app */ = {isa = PBXFileReference; explicitFileType = wrapper.application; includeInIndex = 0; path = VcLifeCycleUsingNavigationBar.app; sourceTree = BUILT_PRODUCTS_DIR; };
		924123F326231195007C825A /* AppDelegate.swift */ = {isa = PBXFileReference; lastKnownFileType = sourcecode.swift; path = AppDelegate.swift; sourceTree = "<group>"; };
		924123FA26231195007C825A /* Base */ = {isa = PBXFileReference; lastKnownFileType = file.storyboard; name = Base; path = Base.lproj/Main.storyboard; sourceTree = "<group>"; };
		924123FC26231196007C825A /* Assets.xcassets */ = {isa = PBXFileReference; lastKnownFileType = folder.assetcatalog; path = Assets.xcassets; sourceTree = "<group>"; };
		924123FF26231196007C825A /* Base */ = {isa = PBXFileReference; lastKnownFileType = file.storyboard; name = Base; path = Base.lproj/LaunchScreen.storyboard; sourceTree = "<group>"; };
		9241240126231196007C825A /* Info.plist */ = {isa = PBXFileReference; lastKnownFileType = text.plist.xml; path = Info.plist; sourceTree = "<group>"; };
		92412407262311D5007C825A /* FrstViewController.swift */ = {isa = PBXFileReference; lastKnownFileType = sourcecode.swift; path = FrstViewController.swift; sourceTree = "<group>"; };
		9241240926231395007C825A /* ScndViewController.swift */ = {isa = PBXFileReference; lastKnownFileType = sourcecode.swift; path = ScndViewController.swift; sourceTree = "<group>"; };
/* End PBXFileReference section */

/* Begin PBXFrameworksBuildPhase section */
		924123ED26231195007C825A /* Frameworks */ = {
			isa = PBXFrameworksBuildPhase;
			buildActionMask = 2147483647;
			files = (
			);
			runOnlyForDeploymentPostprocessing = 0;
		};
/* End PBXFrameworksBuildPhase section */

/* Begin PBXGroup section */
		924123E726231195007C825A = {
			isa = PBXGroup;
			children = (
				924123F226231195007C825A /* VcLifeCycleUsingNavigationBar */,
				924123F126231195007C825A /* Products */,
			);
			sourceTree = "<group>";
		};
		924123F126231195007C825A /* Products */ = {
			isa = PBXGroup;
			children = (
				924123F026231195007C825A /* VcLifeCycleUsingNavigationBar.app */,
			);
			name = Products;
			sourceTree = "<group>";
		};
		924123F226231195007C825A /* VcLifeCycleUsingNavigationBar */ = {
			isa = PBXGroup;
			children = (
				924123F326231195007C825A /* AppDelegate.swift */,
				92412407262311D5007C825A /* FrstViewController.swift */,
				9241240926231395007C825A /* ScndViewController.swift */,
				924123F926231195007C825A /* Main.storyboard */,
				924123FC26231196007C825A /* Assets.xcassets */,
				924123FE26231196007C825A /* LaunchScreen.storyboard */,
				9241240126231196007C825A /* Info.plist */,
			);
			path = VcLifeCycleUsingNavigationBar;
			sourceTree = "<group>";
		};
/* End PBXGroup section */

/* Begin PBXNativeTarget section */
		924123EF26231195007C825A /* VcLifeCycleUsingNavigationBar */ = {
			isa = PBXNativeTarget;
			buildConfigurationList = 9241240426231196007C825A /* Build configuration list for PBXNativeTarget "VcLifeCycleUsingNavigationBar" */;
			buildPhases = (
				924123EC26231195007C825A /* Sources */,
				924123ED26231195007C825A /* Frameworks */,
				924123EE26231195007C825A /* Resources */,
			);
			buildRules = (
			);
			dependencies = (
			);
			name = VcLifeCycleUsingNavigationBar;
			productName = VcLifeCycleUsingNavigationBar;
			productReference = 924123F026231195007C825A /* VcLifeCycleUsingNavigationBar.app */;
			productType = "com.apple.product-type.application";
		};
/* End PBXNativeTarget section */

/* Begin PBXProject section */
		924123E826231195007C825A /* Project object */ = {
			isa = PBXProject;
			attributes = {
				LastSwiftUpdateCheck = 1120;
				LastUpgradeCheck = 1120;
				ORGANIZATIONNAME = Shayla.18;
				TargetAttributes = {
					924123EF26231195007C825A = {
						CreatedOnToolsVersion = 11.2;
					};
				};
			};
			buildConfigurationList = 924123EB26231195007C825A /* Build configuration list for PBXProject "VcLifeCycleUsingNavigationBar" */;
			compatibilityVersion = "Xcode 9.3";
			developmentRegion = en;
			hasScannedForEncodings = 0;
			knownRegions = (
				en,
				Base,
			);
			mainGroup = 924123E726231195007C825A;
			productRefGroup = 924123F126231195007C825A /* Products */;
			projectDirPath = "";
			projectRoot = "";
			targets = (
				924123EF26231195007C825A /* VcLifeCycleUsingNavigationBar */,
			);
		};
/* End PBXProject section */

/* Begin PBXResourcesBuildPhase section */
		924123EE26231195007C825A /* Resources */ = {
			isa = PBXResourcesBuildPhase;
			buildActionMask = 2147483647;
			files = (
				9241240026231196007C825A /* LaunchScreen.storyboard in Resources */,
				924123FD26231196007C825A /* Assets.xcassets in Resources */,
				924123FB26231195007C825A /* Main.storyboard in Resources */,
			);
			runOnlyForDeploymentPostprocessing = 0;
		};
/* End PBXResourcesBuildPhase section */

/* Begin PBXSourcesBuildPhase section */
		924123EC26231195007C825A /* Sources */ = {
			isa = PBXSourcesBuildPhase;
			buildActionMask = 2147483647;
			files = (
				924123F426231195007C825A /* AppDelegate.swift in Sources */,
				9241240A26231395007C825A /* ScndViewController.swift in Sources */,
				92412408262311D5007C825A /* FrstViewController.swift in Sources */,
			);
			runOnlyForDeploymentPostprocessing = 0;
		};
/* End PBXSourcesBuildPhase section */

/* Begin PBXVariantGroup section */
		924123F926231195007C825A /* Main.storyboard */ = {
			isa = PBXVariantGroup;
			children = (
				924123FA26231195007C825A /* Base */,
			);
			name = Main.storyboard;
			sourceTree = "<group>";
		};
		924123FE26231196007C825A /* LaunchScreen.storyboard */ = {
			isa = PBXVariantGroup;
			children = (
				924123FF26231196007C825A /* Base */,
			);
			name = LaunchScreen.storyboard;
			sourceTree = "<group>";
		};
/* End PBXVariantGroup section */

/* Begin XCBuildConfiguration section */
		9241240226231196007C825A /* Debug */ = {
			isa = XCBuildConfiguration;
			buildSettings = {
				ALWAYS_SEARCH_USER_PATHS = NO;
				CLANG_ANALYZER_NONNULL = YES;
				CLANG_ANALYZER_NUMBER_OBJECT_CONVERSION = YES_AGGRESSIVE;
				CLANG_CXX_LANGUAGE_STANDARD = "gnu++14";
				CLANG_CXX_LIBRARY = "libc++";
				CLANG_ENABLE_MODULES = YES;
				CLANG_ENABLE_OBJC_ARC = YES;
				CLANG_ENABLE_OBJC_WEAK = YES;
				CLANG_WARN_BLOCK_CAPTURE_AUTORELEASING = YES;
				CLANG_WARN_BOOL_CONVERSION = YES;
				CLANG_WARN_COMMA = YES;
				CLANG_WARN_CONSTANT_CONVERSION = YES;
				CLANG_WARN_DEPRECATED_OBJC_IMPLEMENTATIONS = YES;
				CLANG_WARN_DIRECT_OBJC_ISA_USAGE = YES_ERROR;
				CLANG_WARN_DOCUMENTATION_COMMENTS = YES;
				CLANG_WARN_EMPTY_BODY = YES;
				CLANG_WARN_ENUM_CONVERSION = YES;
				CLANG_WARN_INFINITE_RECURSION = YES;
				CLANG_WARN_INT_CONVERSION = YES;
				CLANG_WARN_NON_LITERAL_NULL_CONVERSION = YES;
				CLANG_WARN_OBJC_IMPLICIT_RETAIN_SELF = YES;
				CLANG_WARN_OBJC_LITERAL_CONVERSION = YES;
				CLANG_WARN_OBJC_ROOT_CLASS = YES_ERROR;
				CLANG_WARN_RANGE_LOOP_ANALYSIS = YES;
				CLANG_WARN_STRICT_PROTOTYPES = YES;
				CLANG_WARN_SUSPICIOUS_MOVE = YES;
				CLANG_WARN_UNGUARDED_AVAILABILITY = YES_AGGRESSIVE;
				CLANG_WARN_UNREACHABLE_CODE = YES;
				CLANG_WARN__DUPLICATE_METHOD_MATCH = YES;
				COPY_PHASE_STRIP = NO;
				DEBUG_INFORMATION_FORMAT = dwarf;
				ENABLE_STRICT_OBJC_MSGSEND = YES;
				ENABLE_TESTABILITY = YES;
				GCC_C_LANGUAGE_STANDARD = gnu11;
				GCC_DYNAMIC_NO_PIC = NO;
				GCC_NO_COMMON_BLOCKS = YES;
				GCC_OPTIMIZATION_LEVEL = 0;
				GCC_PREPROCESSOR_DEFINITIONS = (
					"DEBUG=1",
					"$(inherited)",
				);
				GCC_WARN_64_TO_32_BIT_CONVERSION = YES;
				GCC_WARN_ABOUT_RETURN_TYPE = YES_ERROR;
				GCC_WARN_UNDECLARED_SELECTOR = YES;
				GCC_WARN_UNINITIALIZED_AUTOS = YES_AGGRESSIVE;
				GCC_WARN_UNUSED_FUNCTION = YES;
				GCC_WARN_UNUSED_VARIABLE = YES;
				IPHONEOS_DEPLOYMENT_TARGET = 13.2;
				MTL_ENABLE_DEBUG_INFO = INCLUDE_SOURCE;
				MTL_FAST_MATH = YES;
				ONLY_ACTIVE_ARCH = YES;
				SDKROOT = iphoneos;
				SWIFT_ACTIVE_COMPILATION_CONDITIONS = DEBUG;
				SWIFT_OPTIMIZATION_LEVEL = "-Onone";
			};
			name = Debug;
		};
		9241240326231196007C825A /* Release */ = {
			isa = XCBuildConfiguration;
			buildSettings = {
				ALWAYS_SEARCH_USER_PATHS = NO;
				CLANG_ANALYZER_NONNULL = YES;
				CLANG_ANALYZER_NUMBER_OBJECT_CONVERSION = YES_AGGRESSIVE;
				CLANG_CXX_LANGUAGE_STANDARD = "gnu++14";
				CLANG_CXX_LIBRARY = "libc++";
				CLANG_ENABLE_MODULES = YES;
				CLANG_ENABLE_OBJC_ARC = YES;
				CLANG_ENABLE_OBJC_WEAK = YES;
				CLANG_WARN_BLOCK_CAPTURE_AUTORELEASING = YES;
				CLANG_WARN_BOOL_CONVERSION = YES;
				CLANG_WARN_COMMA = YES;
				CLANG_WARN_CONSTANT_CONVERSION = YES;
				CLANG_WARN_DEPRECATED_OBJC_IMPLEMENTATIONS = YES;
				CLANG_WARN_DIRECT_OBJC_ISA_USAGE = YES_ERROR;
				CLANG_WARN_DOCUMENTATION_COMMENTS = YES;
				CLANG_WARN_EMPTY_BODY = YES;
				CLANG_WARN_ENUM_CONVERSION = YES;
				CLANG_WARN_INFINITE_RECURSION = YES;
				CLANG_WARN_INT_CONVERSION = YES;
				CLANG_WARN_NON_LITERAL_NULL_CONVERSION = YES;
				CLANG_WARN_OBJC_IMPLICIT_RETAIN_SELF = YES;
				CLANG_WARN_OBJC_LITERAL_CONVERSION = YES;
				CLANG_WARN_OBJC_ROOT_CLASS = YES_ERROR;
				CLANG_WARN_RANGE_LOOP_ANALYSIS = YES;
				CLANG_WARN_STRICT_PROTOTYPES = YES;
				CLANG_WARN_SUSPICIOUS_MOVE = YES;
				CLANG_WARN_UNGUARDED_AVAILABILITY = YES_AGGRESSIVE;
				CLANG_WARN_UNREACHABLE_CODE = YES;
				CLANG_WARN__DUPLICATE_METHOD_MATCH = YES;
				COPY_PHASE_STRIP = NO;
				DEBUG_INFORMATION_FORMAT = "dwarf-with-dsym";
				ENABLE_NS_ASSERTIONS = NO;
				ENABLE_STRICT_OBJC_MSGSEND = YES;
				GCC_C_LANGUAGE_STANDARD = gnu11;
				GCC_NO_COMMON_BLOCKS = YES;
				GCC_WARN_64_TO_32_BIT_CONVERSION = YES;
				GCC_WARN_ABOUT_RETURN_TYPE = YES_ERROR;
				GCC_WARN_UNDECLARED_SELECTOR = YES;
				GCC_WARN_UNINITIALIZED_AUTOS = YES_AGGRESSIVE;
				GCC_WARN_UNUSED_FUNCTION = YES;
				GCC_WARN_UNUSED_VARIABLE = YES;
				IPHONEOS_DEPLOYMENT_TARGET = 13.2;
				MTL_ENABLE_DEBUG_INFO = NO;
				MTL_FAST_MATH = YES;
				SDKROOT = iphoneos;
				SWIFT_COMPILATION_MODE = wholemodule;
				SWIFT_OPTIMIZATION_LEVEL = "-O";
				VALIDATE_PRODUCT = YES;
			};
			name = Release;
		};
		9241240526231196007C825A /* Debug */ = {
			isa = XCBuildConfiguration;
			buildSettings = {
				ASSETCATALOG_COMPILER_APPICON_NAME = AppIcon;
				CODE_SIGN_STYLE = Automatic;
				INFOPLIST_FILE = VcLifeCycleUsingNavigationBar/Info.plist;
				LD_RUNPATH_SEARCH_PATHS = (
					"$(inherited)",
					"@executable_path/Frameworks",
				);
				PRODUCT_BUNDLE_IDENTIFIER = com.shayla.VcLifeCycleUsingNavigationBar;
				PRODUCT_NAME = "$(TARGET_NAME)";
				SWIFT_VERSION = 5.0;
				TARGETED_DEVICE_FAMILY = "1,2";
			};
			name = Debug;
		};
		9241240626231196007C825A /* Release */ = {
			isa = XCBuildConfiguration;
			buildSettings = {
				ASSETCATALOG_COMPILER_APPICON_NAME = AppIcon;
				CODE_SIGN_STYLE = Automatic;
				INFOPLIST_FILE = VcLifeCycleUsingNavigationBar/Info.plist;
				LD_RUNPATH_SEARCH_PATHS = (
					"$(inherited)",
					"@executable_path/Frameworks",
				);
				PRODUCT_BUNDLE_IDENTIFIER = com.shayla.VcLifeCycleUsingNavigationBar;
				PRODUCT_NAME = "$(TARGET_NAME)";
				SWIFT_VERSION = 5.0;
				TARGETED_DEVICE_FAMILY = "1,2";
			};
			name = Release;
		};
/* End XCBuildConfiguration section */

/* Begin XCConfigurationList section */
		924123EB26231195007C825A /* Build configuration list for PBXProject "VcLifeCycleUsingNavigationBar" */ = {
			isa = XCConfigurationList;
			buildConfigurations = (
				9241240226231196007C825A /* Debug */,
				9241240326231196007C825A /* Release */,
			);
			defaultConfigurationIsVisible = 0;
			defaultConfigurationName = Release;
		};
		9241240426231196007C825A /* Build configuration list for PBXNativeTarget "VcLifeCycleUsingNavigationBar" */ = {
			isa = XCConfigurationList;
			buildConfigurations = (
				9241240526231196007C825A /* Debug */,
				9241240626231196007C825A /* Release */,
			);
			defaultConfigurationIsVisible = 0;
			defaultConfigurationName = Release;
		};
/* End XCConfigurationList section */
	};
	rootObject = 924123E826231195007C825A /* Project object */;
}
